// !$*UTF8*$!
{
	archiveVersion = 1;
	classes = {
	};
	objectVersion = 56;
	objects = {

/* Begin PBXBuildFile section */
		1CA3DDF647D77A8DAD829BC7 /* Pods_ClickMe_ClickMeUITests.framework in Frameworks */ = {isa = PBXBuildFile; fileRef = DECAF67D3A100A044C1CE85A /* Pods_ClickMe_ClickMeUITests.framework */; };
		667EBEC37EF047021F3C64C1 /* Pods_ClickMe.framework in Frameworks */ = {isa = PBXBuildFile; fileRef = B096689CA93AFFDF059A141E /* Pods_ClickMe.framework */; };
		6BAC22E226CD876E4A70AC4C /* Pods_ClickMeTests.framework in Frameworks */ = {isa = PBXBuildFile; fileRef = 953EFE63C1B45C26F2F6A760 /* Pods_ClickMeTests.framework */; };
		72064F2B2B46EC2C00BB9ECC /* ExploreView.swift in Sources */ = {isa = PBXBuildFile; fileRef = 72064F2A2B46EC2C00BB9ECC /* ExploreView.swift */; };
		72064F2E2B46EC6300BB9ECC /* FollowingsView.swift in Sources */ = {isa = PBXBuildFile; fileRef = 72064F2D2B46EC6300BB9ECC /* FollowingsView.swift */; };
		72064F312B46ECBF00BB9ECC /* MyBookingsView.swift in Sources */ = {isa = PBXBuildFile; fileRef = 72064F302B46ECBF00BB9ECC /* MyBookingsView.swift */; };
		72064F342B4707A200BB9ECC /* AccountView.swift in Sources */ = {isa = PBXBuildFile; fileRef = 72064F332B4707A200BB9ECC /* AccountView.swift */; };
		72064F362B470B7200BB9ECC /* ExploreViewModel.swift in Sources */ = {isa = PBXBuildFile; fileRef = 72064F352B470B7200BB9ECC /* ExploreViewModel.swift */; };
		72064F382B471C6500BB9ECC /* ExploreUsersParams.swift in Sources */ = {isa = PBXBuildFile; fileRef = 72064F372B471C6500BB9ECC /* ExploreUsersParams.swift */; };
		72064F3A2B471ED900BB9ECC /* ExploreUsersResponse.swift in Sources */ = {isa = PBXBuildFile; fileRef = 72064F392B471ED900BB9ECC /* ExploreUsersResponse.swift */; };
		722C59CE2B43A8DB00EBA081 /* SignUpViewModel.swift in Sources */ = {isa = PBXBuildFile; fileRef = 722C59CD2B43A8DB00EBA081 /* SignUpViewModel.swift */; };
		722C59D02B43E5DA00EBA081 /* iOSCheckboxToggleStyle.swift in Sources */ = {isa = PBXBuildFile; fileRef = 722C59CF2B43E5DA00EBA081 /* iOSCheckboxToggleStyle.swift */; };
		722C59D52B43EF0F00EBA081 /* NetworkService.swift in Sources */ = {isa = PBXBuildFile; fileRef = 722C59D42B43EF0F00EBA081 /* NetworkService.swift */; };
		722C59D72B43F0A100EBA081 /* APIRequestsURLs.swift in Sources */ = {isa = PBXBuildFile; fileRef = 722C59D62B43F0A100EBA081 /* APIRequestsURLs.swift */; };
		722C59DB2B43F74D00EBA081 /* CMError.swift in Sources */ = {isa = PBXBuildFile; fileRef = 722C59DA2B43F74D00EBA081 /* CMError.swift */; };
		722C59DD2B43F8F900EBA081 /* ClickAPI.swift in Sources */ = {isa = PBXBuildFile; fileRef = 722C59DC2B43F8F900EBA081 /* ClickAPI.swift */; };
		722C59E02B43FA7600EBA081 /* DefaultResponse.swift in Sources */ = {isa = PBXBuildFile; fileRef = 722C59DF2B43FA7600EBA081 /* DefaultResponse.swift */; };
		722C59E22B43FE6400EBA081 /* String+Ext.swift in Sources */ = {isa = PBXBuildFile; fileRef = 722C59E12B43FE6400EBA081 /* String+Ext.swift */; };
		722C59E42B44009B00EBA081 /* LoadingView.swift in Sources */ = {isa = PBXBuildFile; fileRef = 722C59E32B44009B00EBA081 /* LoadingView.swift */; };
		722DD67F2B45578400AD8401 /* CMPlusButton.swift in Sources */ = {isa = PBXBuildFile; fileRef = 722DD67E2B45578400AD8401 /* CMPlusButton.swift */; };
		7237A5882B42E4F800ABF10F /* GetStartedView.swift in Sources */ = {isa = PBXBuildFile; fileRef = 7237A5872B42E4F800ABF10F /* GetStartedView.swift */; };
		7237A58A2B42E53900ABF10F /* GetStartedSteps.swift in Sources */ = {isa = PBXBuildFile; fileRef = 7237A5892B42E53900ABF10F /* GetStartedSteps.swift */; };
		7237A58C2B42E5AD00ABF10F /* Mood.swift in Sources */ = {isa = PBXBuildFile; fileRef = 7237A58B2B42E5AD00ABF10F /* Mood.swift */; };
		7237A58E2B43016100ABF10F /* CMButton.swift in Sources */ = {isa = PBXBuildFile; fileRef = 7237A58D2B43016100ABF10F /* CMButton.swift */; };
		7237A5902B437BFA00ABF10F /* GetStartedViewModel.swift in Sources */ = {isa = PBXBuildFile; fileRef = 7237A58F2B437BFA00ABF10F /* GetStartedViewModel.swift */; };
		7237A5932B437E6300ABF10F /* SplashView.swift in Sources */ = {isa = PBXBuildFile; fileRef = 7237A5922B437E6300ABF10F /* SplashView.swift */; };
		7237A5962B43829500ABF10F /* LoginInitialView.swift in Sources */ = {isa = PBXBuildFile; fileRef = 7237A5952B43829500ABF10F /* LoginInitialView.swift */; };
		7237A5982B438C3D00ABF10F /* LoginInitialViewModel.swift in Sources */ = {isa = PBXBuildFile; fileRef = 7237A5972B438C3D00ABF10F /* LoginInitialViewModel.swift */; };
		7237A59A2B438E1C00ABF10F /* GetStartedStepView.swift in Sources */ = {isa = PBXBuildFile; fileRef = 7237A5992B438E1C00ABF10F /* GetStartedStepView.swift */; };
		7237A59C2B439BD800ABF10F /* SafariView.swift in Sources */ = {isa = PBXBuildFile; fileRef = 7237A59B2B439BD800ABF10F /* SafariView.swift */; };
		7237A59F2B43A62100ABF10F /* SignUpView.swift in Sources */ = {isa = PBXBuildFile; fileRef = 7237A59E2B43A62100ABF10F /* SignUpView.swift */; };
		7255860E2B44197E005A37B9 /* LoginResponse.swift in Sources */ = {isa = PBXBuildFile; fileRef = 7255860D2B44197E005A37B9 /* LoginResponse.swift */; };
		725586102B4419AF005A37B9 /* UserProfile.swift in Sources */ = {isa = PBXBuildFile; fileRef = 7255860F2B4419AF005A37B9 /* UserProfile.swift */; };
		725586132B442625005A37B9 /* LoginView.swift in Sources */ = {isa = PBXBuildFile; fileRef = 725586122B442625005A37B9 /* LoginView.swift */; };
		725586152B442634005A37B9 /* LoginViewModel.swift in Sources */ = {isa = PBXBuildFile; fileRef = 725586142B442634005A37B9 /* LoginViewModel.swift */; };
		725586172B44CA07005A37B9 /* ScreenNames.swift in Sources */ = {isa = PBXBuildFile; fileRef = 725586162B44CA07005A37B9 /* ScreenNames.swift */; };
		725586192B44CC1B005A37B9 /* CMErrorLabel.swift in Sources */ = {isa = PBXBuildFile; fileRef = 725586182B44CC1B005A37B9 /* CMErrorLabel.swift */; };
		7255861B2B44CCE9005A37B9 /* CMEmailTextField.swift in Sources */ = {isa = PBXBuildFile; fileRef = 7255861A2B44CCE9005A37B9 /* CMEmailTextField.swift */; };
		7255861E2B44CECC005A37B9 /* SetupBasicInfoView.swift in Sources */ = {isa = PBXBuildFile; fileRef = 7255861D2B44CECC005A37B9 /* SetupBasicInfoView.swift */; };
		725586202B44D68A005A37B9 /* SetupBasicInfoViewModel.swift in Sources */ = {isa = PBXBuildFile; fileRef = 7255861F2B44D68A005A37B9 /* SetupBasicInfoViewModel.swift */; };
		725586222B44D846005A37B9 /* UIImage+Ext.swift in Sources */ = {isa = PBXBuildFile; fileRef = 725586212B44D846005A37B9 /* UIImage+Ext.swift */; };
		725586242B44EF5E005A37B9 /* UserManager.swift in Sources */ = {isa = PBXBuildFile; fileRef = 725586232B44EF5E005A37B9 /* UserManager.swift */; };
		725586262B44F201005A37B9 /* S3KeysResponse.swift in Sources */ = {isa = PBXBuildFile; fileRef = 725586252B44F201005A37B9 /* S3KeysResponse.swift */; };
		725586282B44F7E8005A37B9 /* User.swift in Sources */ = {isa = PBXBuildFile; fileRef = 725586272B44F7E8005A37B9 /* User.swift */; };
		7255862A2B44F80D005A37B9 /* GetUserProfileResponse.swift in Sources */ = {isa = PBXBuildFile; fileRef = 725586292B44F80D005A37B9 /* GetUserProfileResponse.swift */; };
		7255862C2B4515C1005A37B9 /* Field.swift in Sources */ = {isa = PBXBuildFile; fileRef = 7255862B2B4515C1005A37B9 /* Field.swift */; };
		7255862E2B45261D005A37B9 /* Country.swift in Sources */ = {isa = PBXBuildFile; fileRef = 7255862D2B45261D005A37B9 /* Country.swift */; };
		725586312B452910005A37B9 /* SetupDetailInfoView.swift in Sources */ = {isa = PBXBuildFile; fileRef = 725586302B452910005A37B9 /* SetupDetailInfoView.swift */; };
		725586332B4529B4005A37B9 /* Language.swift in Sources */ = {isa = PBXBuildFile; fileRef = 725586322B4529B4005A37B9 /* Language.swift */; };
		725586352B452E8B005A37B9 /* MultiSelectionView.swift in Sources */ = {isa = PBXBuildFile; fileRef = 725586342B452E8B005A37B9 /* MultiSelectionView.swift */; };
		725B99EC2B4169220066D240 /* ClickMeApp.swift in Sources */ = {isa = PBXBuildFile; fileRef = 725B99EB2B4169220066D240 /* ClickMeApp.swift */; };
		725B99F02B4169250066D240 /* Assets.xcassets in Resources */ = {isa = PBXBuildFile; fileRef = 725B99EF2B4169250066D240 /* Assets.xcassets */; };
		725B99F32B4169250066D240 /* Preview Assets.xcassets in Resources */ = {isa = PBXBuildFile; fileRef = 725B99F22B4169250066D240 /* Preview Assets.xcassets */; };
		725B99FD2B4169250066D240 /* ClickMeTests.swift in Sources */ = {isa = PBXBuildFile; fileRef = 725B99FC2B4169250066D240 /* ClickMeTests.swift */; };
		725B9A072B4169250066D240 /* ClickMeUITests.swift in Sources */ = {isa = PBXBuildFile; fileRef = 725B9A062B4169250066D240 /* ClickMeUITests.swift */; };
		725B9A092B4169250066D240 /* ClickMeUITestsLaunchTests.swift in Sources */ = {isa = PBXBuildFile; fileRef = 725B9A082B4169250066D240 /* ClickMeUITestsLaunchTests.swift */; };
		72774C272B47A31400C5A248 /* ExploreCell.swift in Sources */ = {isa = PBXBuildFile; fileRef = 72774C262B47A31400C5A248 /* ExploreCell.swift */; };
		72774C2A2B47B24A00C5A248 /* ExploreFilterView.swift in Sources */ = {isa = PBXBuildFile; fileRef = 72774C292B47B24A00C5A248 /* ExploreFilterView.swift */; };
		72774C2C2B47C43C00C5A248 /* ExploreFilterViewModel.swift in Sources */ = {isa = PBXBuildFile; fileRef = 72774C2B2B47C43C00C5A248 /* ExploreFilterViewModel.swift */; };
		72774C2E2B47CE8000C5A248 /* NavigationView+Ext.swift in Sources */ = {isa = PBXBuildFile; fileRef = 72774C2D2B47CE8000C5A248 /* NavigationView+Ext.swift */; };
		72774C302B47D42B00C5A248 /* SearchUsersParams.swift in Sources */ = {isa = PBXBuildFile; fileRef = 72774C2F2B47D42B00C5A248 /* SearchUsersParams.swift */; };
		72774C322B47D70000C5A248 /* SearchUsersResponse.swift in Sources */ = {isa = PBXBuildFile; fileRef = 72774C312B47D70000C5A248 /* SearchUsersResponse.swift */; };
		72774C352B47F6D100C5A248 /* UserDetailsView.swift in Sources */ = {isa = PBXBuildFile; fileRef = 72774C342B47F6D100C5A248 /* UserDetailsView.swift */; };
		72774C372B47F73C00C5A248 /* UserDetailsViewModel.swift in Sources */ = {isa = PBXBuildFile; fileRef = 72774C362B47F73C00C5A248 /* UserDetailsViewModel.swift */; };
		72774C392B47F9A600C5A248 /* CMFollowButton.swift in Sources */ = {isa = PBXBuildFile; fileRef = 72774C382B47F9A600C5A248 /* CMFollowButton.swift */; };
		72774C3B2B47FC4900C5A248 /* CMChatButton.swift in Sources */ = {isa = PBXBuildFile; fileRef = 72774C3A2B47FC4900C5A248 /* CMChatButton.swift */; };
		72774C3D2B4805A100C5A248 /* TopicView.swift in Sources */ = {isa = PBXBuildFile; fileRef = 72774C3C2B4805A000C5A248 /* TopicView.swift */; };
		72774C3F2B4828F500C5A248 /* TopicsResponse.swift in Sources */ = {isa = PBXBuildFile; fileRef = 72774C3E2B4828F500C5A248 /* TopicsResponse.swift */; };
		72774C412B482BFB00C5A248 /* Topic.swift in Sources */ = {isa = PBXBuildFile; fileRef = 72774C402B482BFB00C5A248 /* Topic.swift */; };
		72774C432B482C7100C5A248 /* Currency.swift in Sources */ = {isa = PBXBuildFile; fileRef = 72774C422B482C7100C5A248 /* Currency.swift */; };
		72774C452B48351900C5A248 /* CMXButton.swift in Sources */ = {isa = PBXBuildFile; fileRef = 72774C442B48351900C5A248 /* CMXButton.swift */; };
		727BD7492B45310100D4279D /* MultiSelector.swift in Sources */ = {isa = PBXBuildFile; fileRef = 727BD7482B45310100D4279D /* MultiSelector.swift */; };
		727BD74B2B453A6400D4279D /* Photo.swift in Sources */ = {isa = PBXBuildFile; fileRef = 727BD74A2B453A6400D4279D /* Photo.swift */; };
		727BD7502B45519600D4279D /* CMPhotoCellView.swift in Sources */ = {isa = PBXBuildFile; fileRef = 727BD74F2B45519600D4279D /* CMPhotoCellView.swift */; };
		728499E92B45650300C2826B /* CMMinusButton.swift in Sources */ = {isa = PBXBuildFile; fileRef = 728499E82B45650300C2826B /* CMMinusButton.swift */; };
		728499EB2B457C9D00C2826B /* SetupDetailInfoViewModel.swift in Sources */ = {isa = PBXBuildFile; fileRef = 728499EA2B457C9D00C2826B /* SetupDetailInfoViewModel.swift */; };
		728499ED2B45867300C2826B /* SplashViewModel.swift in Sources */ = {isa = PBXBuildFile; fileRef = 728499EC2B45867300C2826B /* SplashViewModel.swift */; };
		728499EF2B4587EE00C2826B /* ProfilePhotosGridView.swift in Sources */ = {isa = PBXBuildFile; fileRef = 728499EE2B4587EE00C2826B /* ProfilePhotosGridView.swift */; };
		728499F22B45A56200C2826B /* HomeTabView.swift in Sources */ = {isa = PBXBuildFile; fileRef = 728499F12B45A56200C2826B /* HomeTabView.swift */; };
		728499F42B463CB500C2826B /* HomeTabViewModel.swift in Sources */ = {isa = PBXBuildFile; fileRef = 728499F32B463CB500C2826B /* HomeTabViewModel.swift */; };
		728499F62B4657E900C2826B /* CMPhotoPicker.swift in Sources */ = {isa = PBXBuildFile; fileRef = 728499F52B4657E900C2826B /* CMPhotoPicker.swift */; };
		728499F92B466B0400C2826B /* Utils.swift in Sources */ = {isa = PBXBuildFile; fileRef = 728499F82B466B0400C2826B /* Utils.swift */; };
		728499FC2B46C06D00C2826B /* UpdateProfileParams.swift in Sources */ = {isa = PBXBuildFile; fileRef = 728499FB2B46C06C00C2826B /* UpdateProfileParams.swift */; };
		728499FE2B46C2AE00C2826B /* UpdateUserProfileResponse.swift in Sources */ = {isa = PBXBuildFile; fileRef = 728499FD2B46C2AE00C2826B /* UpdateUserProfileResponse.swift */; };
/* End PBXBuildFile section */

/* Begin PBXContainerItemProxy section */
		725B99F92B4169250066D240 /* PBXContainerItemProxy */ = {
			isa = PBXContainerItemProxy;
			containerPortal = 725B99E02B4169220066D240 /* Project object */;
			proxyType = 1;
			remoteGlobalIDString = 725B99E72B4169220066D240;
			remoteInfo = ClickMe;
		};
		725B9A032B4169250066D240 /* PBXContainerItemProxy */ = {
			isa = PBXContainerItemProxy;
			containerPortal = 725B99E02B4169220066D240 /* Project object */;
			proxyType = 1;
			remoteGlobalIDString = 725B99E72B4169220066D240;
			remoteInfo = ClickMe;
		};
/* End PBXContainerItemProxy section */

/* Begin PBXFileReference section */
		101820DC3C471C3A464C6BF8 /* Pods-ClickMeTests.release.xcconfig */ = {isa = PBXFileReference; includeInIndex = 1; lastKnownFileType = text.xcconfig; name = "Pods-ClickMeTests.release.xcconfig"; path = "Target Support Files/Pods-ClickMeTests/Pods-ClickMeTests.release.xcconfig"; sourceTree = "<group>"; };
		2C53F0EEE1B86E33E645A4EC /* Pods-ClickMe-ClickMeUITests.release.xcconfig */ = {isa = PBXFileReference; includeInIndex = 1; lastKnownFileType = text.xcconfig; name = "Pods-ClickMe-ClickMeUITests.release.xcconfig"; path = "Target Support Files/Pods-ClickMe-ClickMeUITests/Pods-ClickMe-ClickMeUITests.release.xcconfig"; sourceTree = "<group>"; };
		46AC286571B3594AE493BED8 /* Pods-ClickMe-ClickMeUITests.debug.xcconfig */ = {isa = PBXFileReference; includeInIndex = 1; lastKnownFileType = text.xcconfig; name = "Pods-ClickMe-ClickMeUITests.debug.xcconfig"; path = "Target Support Files/Pods-ClickMe-ClickMeUITests/Pods-ClickMe-ClickMeUITests.debug.xcconfig"; sourceTree = "<group>"; };
		4D9ED630657C498C5DEC4B3B /* Pods-ClickMe.release.xcconfig */ = {isa = PBXFileReference; includeInIndex = 1; lastKnownFileType = text.xcconfig; name = "Pods-ClickMe.release.xcconfig"; path = "Target Support Files/Pods-ClickMe/Pods-ClickMe.release.xcconfig"; sourceTree = "<group>"; };
		72064F2A2B46EC2C00BB9ECC /* ExploreView.swift */ = {isa = PBXFileReference; lastKnownFileType = sourcecode.swift; path = ExploreView.swift; sourceTree = "<group>"; };
		72064F2D2B46EC6300BB9ECC /* FollowingsView.swift */ = {isa = PBXFileReference; lastKnownFileType = sourcecode.swift; path = FollowingsView.swift; sourceTree = "<group>"; };
		72064F302B46ECBF00BB9ECC /* MyBookingsView.swift */ = {isa = PBXFileReference; lastKnownFileType = sourcecode.swift; path = MyBookingsView.swift; sourceTree = "<group>"; };
		72064F332B4707A200BB9ECC /* AccountView.swift */ = {isa = PBXFileReference; lastKnownFileType = sourcecode.swift; path = AccountView.swift; sourceTree = "<group>"; };
		72064F352B470B7200BB9ECC /* ExploreViewModel.swift */ = {isa = PBXFileReference; lastKnownFileType = sourcecode.swift; path = ExploreViewModel.swift; sourceTree = "<group>"; };
		72064F372B471C6500BB9ECC /* ExploreUsersParams.swift */ = {isa = PBXFileReference; lastKnownFileType = sourcecode.swift; path = ExploreUsersParams.swift; sourceTree = "<group>"; };
		72064F392B471ED900BB9ECC /* ExploreUsersResponse.swift */ = {isa = PBXFileReference; lastKnownFileType = sourcecode.swift; path = ExploreUsersResponse.swift; sourceTree = "<group>"; };
		722C59CD2B43A8DB00EBA081 /* SignUpViewModel.swift */ = {isa = PBXFileReference; lastKnownFileType = sourcecode.swift; path = SignUpViewModel.swift; sourceTree = "<group>"; };
		722C59CF2B43E5DA00EBA081 /* iOSCheckboxToggleStyle.swift */ = {isa = PBXFileReference; lastKnownFileType = sourcecode.swift; path = iOSCheckboxToggleStyle.swift; sourceTree = "<group>"; };
		722C59D42B43EF0F00EBA081 /* NetworkService.swift */ = {isa = PBXFileReference; lastKnownFileType = sourcecode.swift; path = NetworkService.swift; sourceTree = "<group>"; };
		722C59D62B43F0A100EBA081 /* APIRequestsURLs.swift */ = {isa = PBXFileReference; fileEncoding = 4; lastKnownFileType = sourcecode.swift; path = APIRequestsURLs.swift; sourceTree = "<group>"; };
		722C59DA2B43F74D00EBA081 /* CMError.swift */ = {isa = PBXFileReference; fileEncoding = 4; lastKnownFileType = sourcecode.swift; path = CMError.swift; sourceTree = "<group>"; };
		722C59DC2B43F8F900EBA081 /* ClickAPI.swift */ = {isa = PBXFileReference; fileEncoding = 4; lastKnownFileType = sourcecode.swift; path = ClickAPI.swift; sourceTree = "<group>"; };
		722C59DF2B43FA7600EBA081 /* DefaultResponse.swift */ = {isa = PBXFileReference; fileEncoding = 4; lastKnownFileType = sourcecode.swift; path = DefaultResponse.swift; sourceTree = "<group>"; };
		722C59E12B43FE6400EBA081 /* String+Ext.swift */ = {isa = PBXFileReference; fileEncoding = 4; lastKnownFileType = sourcecode.swift; path = "String+Ext.swift"; sourceTree = "<group>"; };
		722C59E32B44009B00EBA081 /* LoadingView.swift */ = {isa = PBXFileReference; fileEncoding = 4; lastKnownFileType = sourcecode.swift; path = LoadingView.swift; sourceTree = "<group>"; };
		722DD67E2B45578400AD8401 /* CMPlusButton.swift */ = {isa = PBXFileReference; fileEncoding = 4; lastKnownFileType = sourcecode.swift; path = CMPlusButton.swift; sourceTree = "<group>"; };
		7237A5872B42E4F800ABF10F /* GetStartedView.swift */ = {isa = PBXFileReference; lastKnownFileType = sourcecode.swift; path = GetStartedView.swift; sourceTree = "<group>"; };
		7237A5892B42E53900ABF10F /* GetStartedSteps.swift */ = {isa = PBXFileReference; lastKnownFileType = sourcecode.swift; path = GetStartedSteps.swift; sourceTree = "<group>"; };
		7237A58B2B42E5AD00ABF10F /* Mood.swift */ = {isa = PBXFileReference; lastKnownFileType = sourcecode.swift; path = Mood.swift; sourceTree = "<group>"; };
		7237A58D2B43016100ABF10F /* CMButton.swift */ = {isa = PBXFileReference; fileEncoding = 4; lastKnownFileType = sourcecode.swift; path = CMButton.swift; sourceTree = "<group>"; };
		7237A58F2B437BFA00ABF10F /* GetStartedViewModel.swift */ = {isa = PBXFileReference; lastKnownFileType = sourcecode.swift; path = GetStartedViewModel.swift; sourceTree = "<group>"; };
		7237A5922B437E6300ABF10F /* SplashView.swift */ = {isa = PBXFileReference; lastKnownFileType = sourcecode.swift; path = SplashView.swift; sourceTree = "<group>"; };
		7237A5952B43829500ABF10F /* LoginInitialView.swift */ = {isa = PBXFileReference; lastKnownFileType = sourcecode.swift; path = LoginInitialView.swift; sourceTree = "<group>"; };
		7237A5972B438C3D00ABF10F /* LoginInitialViewModel.swift */ = {isa = PBXFileReference; lastKnownFileType = sourcecode.swift; path = LoginInitialViewModel.swift; sourceTree = "<group>"; };
		7237A5992B438E1C00ABF10F /* GetStartedStepView.swift */ = {isa = PBXFileReference; lastKnownFileType = sourcecode.swift; path = GetStartedStepView.swift; sourceTree = "<group>"; };
		7237A59B2B439BD800ABF10F /* SafariView.swift */ = {isa = PBXFileReference; fileEncoding = 4; lastKnownFileType = sourcecode.swift; path = SafariView.swift; sourceTree = "<group>"; };
		7237A59E2B43A62100ABF10F /* SignUpView.swift */ = {isa = PBXFileReference; lastKnownFileType = sourcecode.swift; path = SignUpView.swift; sourceTree = "<group>"; };
		7255860D2B44197E005A37B9 /* LoginResponse.swift */ = {isa = PBXFileReference; lastKnownFileType = sourcecode.swift; path = LoginResponse.swift; sourceTree = "<group>"; };
		7255860F2B4419AF005A37B9 /* UserProfile.swift */ = {isa = PBXFileReference; lastKnownFileType = sourcecode.swift; path = UserProfile.swift; sourceTree = "<group>"; };
		725586122B442625005A37B9 /* LoginView.swift */ = {isa = PBXFileReference; lastKnownFileType = sourcecode.swift; path = LoginView.swift; sourceTree = "<group>"; };
		725586142B442634005A37B9 /* LoginViewModel.swift */ = {isa = PBXFileReference; lastKnownFileType = sourcecode.swift; path = LoginViewModel.swift; sourceTree = "<group>"; };
		725586162B44CA07005A37B9 /* ScreenNames.swift */ = {isa = PBXFileReference; lastKnownFileType = sourcecode.swift; path = ScreenNames.swift; sourceTree = "<group>"; };
		725586182B44CC1B005A37B9 /* CMErrorLabel.swift */ = {isa = PBXFileReference; lastKnownFileType = sourcecode.swift; path = CMErrorLabel.swift; sourceTree = "<group>"; };
		7255861A2B44CCE9005A37B9 /* CMEmailTextField.swift */ = {isa = PBXFileReference; lastKnownFileType = sourcecode.swift; path = CMEmailTextField.swift; sourceTree = "<group>"; };
		7255861D2B44CECC005A37B9 /* SetupBasicInfoView.swift */ = {isa = PBXFileReference; lastKnownFileType = sourcecode.swift; path = SetupBasicInfoView.swift; sourceTree = "<group>"; };
		7255861F2B44D68A005A37B9 /* SetupBasicInfoViewModel.swift */ = {isa = PBXFileReference; lastKnownFileType = sourcecode.swift; path = SetupBasicInfoViewModel.swift; sourceTree = "<group>"; };
		725586212B44D846005A37B9 /* UIImage+Ext.swift */ = {isa = PBXFileReference; lastKnownFileType = sourcecode.swift; path = "UIImage+Ext.swift"; sourceTree = "<group>"; };
		725586232B44EF5E005A37B9 /* UserManager.swift */ = {isa = PBXFileReference; lastKnownFileType = sourcecode.swift; path = UserManager.swift; sourceTree = "<group>"; };
		725586252B44F201005A37B9 /* S3KeysResponse.swift */ = {isa = PBXFileReference; lastKnownFileType = sourcecode.swift; path = S3KeysResponse.swift; sourceTree = "<group>"; };
		725586272B44F7E8005A37B9 /* User.swift */ = {isa = PBXFileReference; lastKnownFileType = sourcecode.swift; path = User.swift; sourceTree = "<group>"; };
		725586292B44F80D005A37B9 /* GetUserProfileResponse.swift */ = {isa = PBXFileReference; lastKnownFileType = sourcecode.swift; path = GetUserProfileResponse.swift; sourceTree = "<group>"; };
		7255862B2B4515C1005A37B9 /* Field.swift */ = {isa = PBXFileReference; lastKnownFileType = sourcecode.swift; path = Field.swift; sourceTree = "<group>"; };
		7255862D2B45261D005A37B9 /* Country.swift */ = {isa = PBXFileReference; lastKnownFileType = sourcecode.swift; path = Country.swift; sourceTree = "<group>"; };
		725586302B452910005A37B9 /* SetupDetailInfoView.swift */ = {isa = PBXFileReference; lastKnownFileType = sourcecode.swift; path = SetupDetailInfoView.swift; sourceTree = "<group>"; };
		725586322B4529B4005A37B9 /* Language.swift */ = {isa = PBXFileReference; lastKnownFileType = sourcecode.swift; path = Language.swift; sourceTree = "<group>"; };
		725586342B452E8B005A37B9 /* MultiSelectionView.swift */ = {isa = PBXFileReference; lastKnownFileType = sourcecode.swift; path = MultiSelectionView.swift; sourceTree = "<group>"; };
		725B99E82B4169220066D240 /* ClickMe.app */ = {isa = PBXFileReference; explicitFileType = wrapper.application; includeInIndex = 0; path = ClickMe.app; sourceTree = BUILT_PRODUCTS_DIR; };
		725B99EB2B4169220066D240 /* ClickMeApp.swift */ = {isa = PBXFileReference; lastKnownFileType = sourcecode.swift; path = ClickMeApp.swift; sourceTree = "<group>"; };
		725B99EF2B4169250066D240 /* Assets.xcassets */ = {isa = PBXFileReference; lastKnownFileType = folder.assetcatalog; path = Assets.xcassets; sourceTree = "<group>"; };
		725B99F22B4169250066D240 /* Preview Assets.xcassets */ = {isa = PBXFileReference; lastKnownFileType = folder.assetcatalog; path = "Preview Assets.xcassets"; sourceTree = "<group>"; };
		725B99F82B4169250066D240 /* ClickMeTests.xctest */ = {isa = PBXFileReference; explicitFileType = wrapper.cfbundle; includeInIndex = 0; path = ClickMeTests.xctest; sourceTree = BUILT_PRODUCTS_DIR; };
		725B99FC2B4169250066D240 /* ClickMeTests.swift */ = {isa = PBXFileReference; lastKnownFileType = sourcecode.swift; path = ClickMeTests.swift; sourceTree = "<group>"; };
		725B9A022B4169250066D240 /* ClickMeUITests.xctest */ = {isa = PBXFileReference; explicitFileType = wrapper.cfbundle; includeInIndex = 0; path = ClickMeUITests.xctest; sourceTree = BUILT_PRODUCTS_DIR; };
		725B9A062B4169250066D240 /* ClickMeUITests.swift */ = {isa = PBXFileReference; lastKnownFileType = sourcecode.swift; path = ClickMeUITests.swift; sourceTree = "<group>"; };
		725B9A082B4169250066D240 /* ClickMeUITestsLaunchTests.swift */ = {isa = PBXFileReference; lastKnownFileType = sourcecode.swift; path = ClickMeUITestsLaunchTests.swift; sourceTree = "<group>"; };
		72774C262B47A31400C5A248 /* ExploreCell.swift */ = {isa = PBXFileReference; lastKnownFileType = sourcecode.swift; path = ExploreCell.swift; sourceTree = "<group>"; };
		72774C292B47B24A00C5A248 /* ExploreFilterView.swift */ = {isa = PBXFileReference; lastKnownFileType = sourcecode.swift; path = ExploreFilterView.swift; sourceTree = "<group>"; };
		72774C2B2B47C43C00C5A248 /* ExploreFilterViewModel.swift */ = {isa = PBXFileReference; lastKnownFileType = sourcecode.swift; path = ExploreFilterViewModel.swift; sourceTree = "<group>"; };
		72774C2D2B47CE8000C5A248 /* NavigationView+Ext.swift */ = {isa = PBXFileReference; lastKnownFileType = sourcecode.swift; path = "NavigationView+Ext.swift"; sourceTree = "<group>"; };
		72774C2F2B47D42B00C5A248 /* SearchUsersParams.swift */ = {isa = PBXFileReference; lastKnownFileType = sourcecode.swift; path = SearchUsersParams.swift; sourceTree = "<group>"; };
		72774C312B47D70000C5A248 /* SearchUsersResponse.swift */ = {isa = PBXFileReference; lastKnownFileType = sourcecode.swift; path = SearchUsersResponse.swift; sourceTree = "<group>"; };
		72774C342B47F6D100C5A248 /* UserDetailsView.swift */ = {isa = PBXFileReference; lastKnownFileType = sourcecode.swift; path = UserDetailsView.swift; sourceTree = "<group>"; };
		72774C362B47F73C00C5A248 /* UserDetailsViewModel.swift */ = {isa = PBXFileReference; lastKnownFileType = sourcecode.swift; path = UserDetailsViewModel.swift; sourceTree = "<group>"; };
		72774C382B47F9A600C5A248 /* CMFollowButton.swift */ = {isa = PBXFileReference; lastKnownFileType = sourcecode.swift; path = CMFollowButton.swift; sourceTree = "<group>"; };
		72774C3A2B47FC4900C5A248 /* CMChatButton.swift */ = {isa = PBXFileReference; lastKnownFileType = sourcecode.swift; path = CMChatButton.swift; sourceTree = "<group>"; };
		72774C3C2B4805A000C5A248 /* TopicView.swift */ = {isa = PBXFileReference; lastKnownFileType = sourcecode.swift; path = TopicView.swift; sourceTree = "<group>"; };
		72774C3E2B4828F500C5A248 /* TopicsResponse.swift */ = {isa = PBXFileReference; lastKnownFileType = sourcecode.swift; path = TopicsResponse.swift; sourceTree = "<group>"; };
		72774C402B482BFB00C5A248 /* Topic.swift */ = {isa = PBXFileReference; lastKnownFileType = sourcecode.swift; path = Topic.swift; sourceTree = "<group>"; };
		72774C422B482C7100C5A248 /* Currency.swift */ = {isa = PBXFileReference; lastKnownFileType = sourcecode.swift; path = Currency.swift; sourceTree = "<group>"; };
		72774C442B48351900C5A248 /* CMXButton.swift */ = {isa = PBXFileReference; fileEncoding = 4; lastKnownFileType = sourcecode.swift; path = CMXButton.swift; sourceTree = "<group>"; };
		727BD7482B45310100D4279D /* MultiSelector.swift */ = {isa = PBXFileReference; lastKnownFileType = sourcecode.swift; path = MultiSelector.swift; sourceTree = "<group>"; };
		727BD74A2B453A6400D4279D /* Photo.swift */ = {isa = PBXFileReference; fileEncoding = 4; lastKnownFileType = sourcecode.swift; path = Photo.swift; sourceTree = "<group>"; };
		727BD74F2B45519600D4279D /* CMPhotoCellView.swift */ = {isa = PBXFileReference; lastKnownFileType = sourcecode.swift; path = CMPhotoCellView.swift; sourceTree = "<group>"; };
		728499E82B45650300C2826B /* CMMinusButton.swift */ = {isa = PBXFileReference; lastKnownFileType = sourcecode.swift; path = CMMinusButton.swift; sourceTree = "<group>"; };
		728499EA2B457C9D00C2826B /* SetupDetailInfoViewModel.swift */ = {isa = PBXFileReference; lastKnownFileType = sourcecode.swift; path = SetupDetailInfoViewModel.swift; sourceTree = "<group>"; };
		728499EC2B45867300C2826B /* SplashViewModel.swift */ = {isa = PBXFileReference; lastKnownFileType = sourcecode.swift; path = SplashViewModel.swift; sourceTree = "<group>"; };
		728499EE2B4587EE00C2826B /* ProfilePhotosGridView.swift */ = {isa = PBXFileReference; lastKnownFileType = sourcecode.swift; path = ProfilePhotosGridView.swift; sourceTree = "<group>"; };
		728499F12B45A56200C2826B /* HomeTabView.swift */ = {isa = PBXFileReference; lastKnownFileType = sourcecode.swift; path = HomeTabView.swift; sourceTree = "<group>"; };
		728499F32B463CB500C2826B /* HomeTabViewModel.swift */ = {isa = PBXFileReference; lastKnownFileType = sourcecode.swift; path = HomeTabViewModel.swift; sourceTree = "<group>"; };
		728499F52B4657E900C2826B /* CMPhotoPicker.swift */ = {isa = PBXFileReference; lastKnownFileType = sourcecode.swift; path = CMPhotoPicker.swift; sourceTree = "<group>"; };
		728499F82B466B0400C2826B /* Utils.swift */ = {isa = PBXFileReference; lastKnownFileType = sourcecode.swift; path = Utils.swift; sourceTree = "<group>"; };
		728499FB2B46C06C00C2826B /* UpdateProfileParams.swift */ = {isa = PBXFileReference; fileEncoding = 4; lastKnownFileType = sourcecode.swift; path = UpdateProfileParams.swift; sourceTree = "<group>"; };
		728499FD2B46C2AE00C2826B /* UpdateUserProfileResponse.swift */ = {isa = PBXFileReference; lastKnownFileType = sourcecode.swift; path = UpdateUserProfileResponse.swift; sourceTree = "<group>"; };
		7C52A32A88EB630420360EC8 /* Pods-ClickMeTests.debug.xcconfig */ = {isa = PBXFileReference; includeInIndex = 1; lastKnownFileType = text.xcconfig; name = "Pods-ClickMeTests.debug.xcconfig"; path = "Target Support Files/Pods-ClickMeTests/Pods-ClickMeTests.debug.xcconfig"; sourceTree = "<group>"; };
		953EFE63C1B45C26F2F6A760 /* Pods_ClickMeTests.framework */ = {isa = PBXFileReference; explicitFileType = wrapper.framework; includeInIndex = 0; path = Pods_ClickMeTests.framework; sourceTree = BUILT_PRODUCTS_DIR; };
		B096689CA93AFFDF059A141E /* Pods_ClickMe.framework */ = {isa = PBXFileReference; explicitFileType = wrapper.framework; includeInIndex = 0; path = Pods_ClickMe.framework; sourceTree = BUILT_PRODUCTS_DIR; };
		DECAF67D3A100A044C1CE85A /* Pods_ClickMe_ClickMeUITests.framework */ = {isa = PBXFileReference; explicitFileType = wrapper.framework; includeInIndex = 0; path = Pods_ClickMe_ClickMeUITests.framework; sourceTree = BUILT_PRODUCTS_DIR; };
		F334BA7C04E62B2FA7ABF7D5 /* Pods-ClickMe.debug.xcconfig */ = {isa = PBXFileReference; includeInIndex = 1; lastKnownFileType = text.xcconfig; name = "Pods-ClickMe.debug.xcconfig"; path = "Target Support Files/Pods-ClickMe/Pods-ClickMe.debug.xcconfig"; sourceTree = "<group>"; };
/* End PBXFileReference section */

/* Begin PBXFrameworksBuildPhase section */
		725B99E52B4169220066D240 /* Frameworks */ = {
			isa = PBXFrameworksBuildPhase;
			buildActionMask = 2147483647;
			files = (
				667EBEC37EF047021F3C64C1 /* Pods_ClickMe.framework in Frameworks */,
			);
			runOnlyForDeploymentPostprocessing = 0;
		};
		725B99F52B4169250066D240 /* Frameworks */ = {
			isa = PBXFrameworksBuildPhase;
			buildActionMask = 2147483647;
			files = (
				6BAC22E226CD876E4A70AC4C /* Pods_ClickMeTests.framework in Frameworks */,
			);
			runOnlyForDeploymentPostprocessing = 0;
		};
		725B99FF2B4169250066D240 /* Frameworks */ = {
			isa = PBXFrameworksBuildPhase;
			buildActionMask = 2147483647;
			files = (
				1CA3DDF647D77A8DAD829BC7 /* Pods_ClickMe_ClickMeUITests.framework in Frameworks */,
			);
			runOnlyForDeploymentPostprocessing = 0;
		};
/* End PBXFrameworksBuildPhase section */

/* Begin PBXGroup section */
		41226BDC7D7EC3B884EF3429 /* Frameworks */ = {
			isa = PBXGroup;
			children = (
				B096689CA93AFFDF059A141E /* Pods_ClickMe.framework */,
				DECAF67D3A100A044C1CE85A /* Pods_ClickMe_ClickMeUITests.framework */,
				953EFE63C1B45C26F2F6A760 /* Pods_ClickMeTests.framework */,
			);
			name = Frameworks;
			sourceTree = "<group>";
		};
		72064F292B46EC1100BB9ECC /* Explore */ = {
			isa = PBXGroup;
			children = (
				72064F2A2B46EC2C00BB9ECC /* ExploreView.swift */,
				72064F352B470B7200BB9ECC /* ExploreViewModel.swift */,
			);
			path = Explore;
			sourceTree = "<group>";
		};
		72064F2C2B46EC4300BB9ECC /* Followings */ = {
			isa = PBXGroup;
			children = (
				72064F2D2B46EC6300BB9ECC /* FollowingsView.swift */,
			);
			path = Followings;
			sourceTree = "<group>";
		};
		72064F2F2B46ECAC00BB9ECC /* My Bookings */ = {
			isa = PBXGroup;
			children = (
				72064F302B46ECBF00BB9ECC /* MyBookingsView.swift */,
			);
			path = "My Bookings";
			sourceTree = "<group>";
		};
		72064F322B47078F00BB9ECC /* Account */ = {
			isa = PBXGroup;
			children = (
				72064F332B4707A200BB9ECC /* AccountView.swift */,
			);
			path = Account;
			sourceTree = "<group>";
		};
		722C59D12B43EDE900EBA081 /* Network */ = {
			isa = PBXGroup;
			children = (
				722C59D42B43EF0F00EBA081 /* NetworkService.swift */,
				722C59D62B43F0A100EBA081 /* APIRequestsURLs.swift */,
				722C59DC2B43F8F900EBA081 /* ClickAPI.swift */,
			);
			path = Network;
			sourceTree = "<group>";
		};
		722C59DE2B43FA6500EBA081 /* Responses */ = {
			isa = PBXGroup;
			children = (
				722C59DF2B43FA7600EBA081 /* DefaultResponse.swift */,
				7255860D2B44197E005A37B9 /* LoginResponse.swift */,
				725586252B44F201005A37B9 /* S3KeysResponse.swift */,
				725586292B44F80D005A37B9 /* GetUserProfileResponse.swift */,
				728499FD2B46C2AE00C2826B /* UpdateUserProfileResponse.swift */,
				72064F392B471ED900BB9ECC /* ExploreUsersResponse.swift */,
				72774C312B47D70000C5A248 /* SearchUsersResponse.swift */,
				72774C3E2B4828F500C5A248 /* TopicsResponse.swift */,
			);
			path = Responses;
			sourceTree = "<group>";
		};
		7237A5812B42E47B00ABF10F /* Screens */ = {
			isa = PBXGroup;
			children = (
				72774C332B47F66200C5A248 /* User Details */,
				72064F322B47078F00BB9ECC /* Account */,
				72064F2F2B46ECAC00BB9ECC /* My Bookings */,
				72064F2C2B46EC4300BB9ECC /* Followings */,
				72064F292B46EC1100BB9ECC /* Explore */,
				72774C282B47B23300C5A248 /* Explore Filter */,
				728499F02B45A54500C2826B /* Home */,
				7237A5912B437E5400ABF10F /* Splash */,
				7237A5862B42E4D600ABF10F /* GetStarted */,
				7237A5942B43827400ABF10F /* LoginInitial */,
				7237A59D2B43A60900ABF10F /* Sign Up */,
				725586112B442604005A37B9 /* Login */,
				7255861C2B44CEC0005A37B9 /* SetupBasicInfoView */,
				7255862F2B4528ED005A37B9 /* SetupDetailInfoView */,
			);
			path = Screens;
			sourceTree = "<group>";
		};
		7237A5822B42E49300ABF10F /* Manager */ = {
			isa = PBXGroup;
			children = (
				725586232B44EF5E005A37B9 /* UserManager.swift */,
			);
			path = Manager;
			sourceTree = "<group>";
		};
		7237A5832B42E4A000ABF10F /* View */ = {
			isa = PBXGroup;
			children = (
				722C59E32B44009B00EBA081 /* LoadingView.swift */,
				7237A58D2B43016100ABF10F /* CMButton.swift */,
				7237A5992B438E1C00ABF10F /* GetStartedStepView.swift */,
				7237A59B2B439BD800ABF10F /* SafariView.swift */,
				722C59CF2B43E5DA00EBA081 /* iOSCheckboxToggleStyle.swift */,
				725586182B44CC1B005A37B9 /* CMErrorLabel.swift */,
				7255861A2B44CCE9005A37B9 /* CMEmailTextField.swift */,
				725586342B452E8B005A37B9 /* MultiSelectionView.swift */,
				727BD7482B45310100D4279D /* MultiSelector.swift */,
				722DD67E2B45578400AD8401 /* CMPlusButton.swift */,
				728499E82B45650300C2826B /* CMMinusButton.swift */,
				727BD74F2B45519600D4279D /* CMPhotoCellView.swift */,
				728499EE2B4587EE00C2826B /* ProfilePhotosGridView.swift */,
				728499F52B4657E900C2826B /* CMPhotoPicker.swift */,
				72774C262B47A31400C5A248 /* ExploreCell.swift */,
				72774C382B47F9A600C5A248 /* CMFollowButton.swift */,
				72774C3A2B47FC4900C5A248 /* CMChatButton.swift */,
				72774C3C2B4805A000C5A248 /* TopicView.swift */,
				72774C442B48351900C5A248 /* CMXButton.swift */,
			);
			path = View;
			sourceTree = "<group>";
		};
		7237A5842B42E4AE00ABF10F /* Extension */ = {
			isa = PBXGroup;
			children = (
				722C59E12B43FE6400EBA081 /* String+Ext.swift */,
				725586212B44D846005A37B9 /* UIImage+Ext.swift */,
				72774C2D2B47CE8000C5A248 /* NavigationView+Ext.swift */,
			);
			path = Extension;
			sourceTree = "<group>";
		};
		7237A5852B42E4B800ABF10F /* Model */ = {
			isa = PBXGroup;
			children = (
				728499FA2B46C06600C2826B /* Params */,
				722C59DE2B43FA6500EBA081 /* Responses */,
				722C59DA2B43F74D00EBA081 /* CMError.swift */,
				7237A5892B42E53900ABF10F /* GetStartedSteps.swift */,
				7237A58B2B42E5AD00ABF10F /* Mood.swift */,
				7255862B2B4515C1005A37B9 /* Field.swift */,
				725586272B44F7E8005A37B9 /* User.swift */,
				727BD74A2B453A6400D4279D /* Photo.swift */,
				7255860F2B4419AF005A37B9 /* UserProfile.swift */,
				725586162B44CA07005A37B9 /* ScreenNames.swift */,
				7255862D2B45261D005A37B9 /* Country.swift */,
				725586322B4529B4005A37B9 /* Language.swift */,
				72774C402B482BFB00C5A248 /* Topic.swift */,
				72774C422B482C7100C5A248 /* Currency.swift */,
			);
			path = Model;
			sourceTree = "<group>";
		};
		7237A5862B42E4D600ABF10F /* GetStarted */ = {
			isa = PBXGroup;
			children = (
				7237A5872B42E4F800ABF10F /* GetStartedView.swift */,
				7237A58F2B437BFA00ABF10F /* GetStartedViewModel.swift */,
			);
			path = GetStarted;
			sourceTree = "<group>";
		};
		7237A5912B437E5400ABF10F /* Splash */ = {
			isa = PBXGroup;
			children = (
				7237A5922B437E6300ABF10F /* SplashView.swift */,
				728499EC2B45867300C2826B /* SplashViewModel.swift */,
			);
			path = Splash;
			sourceTree = "<group>";
		};
		7237A5942B43827400ABF10F /* LoginInitial */ = {
			isa = PBXGroup;
			children = (
				7237A5952B43829500ABF10F /* LoginInitialView.swift */,
				7237A5972B438C3D00ABF10F /* LoginInitialViewModel.swift */,
			);
			path = LoginInitial;
			sourceTree = "<group>";
		};
		7237A59D2B43A60900ABF10F /* Sign Up */ = {
			isa = PBXGroup;
			children = (
				7237A59E2B43A62100ABF10F /* SignUpView.swift */,
				722C59CD2B43A8DB00EBA081 /* SignUpViewModel.swift */,
			);
			path = "Sign Up";
			sourceTree = "<group>";
		};
		725586112B442604005A37B9 /* Login */ = {
			isa = PBXGroup;
			children = (
				725586122B442625005A37B9 /* LoginView.swift */,
				725586142B442634005A37B9 /* LoginViewModel.swift */,
			);
			path = Login;
			sourceTree = "<group>";
		};
		7255861C2B44CEC0005A37B9 /* SetupBasicInfoView */ = {
			isa = PBXGroup;
			children = (
				7255861D2B44CECC005A37B9 /* SetupBasicInfoView.swift */,
				7255861F2B44D68A005A37B9 /* SetupBasicInfoViewModel.swift */,
			);
			path = SetupBasicInfoView;
			sourceTree = "<group>";
		};
		7255862F2B4528ED005A37B9 /* SetupDetailInfoView */ = {
			isa = PBXGroup;
			children = (
				725586302B452910005A37B9 /* SetupDetailInfoView.swift */,
				728499EA2B457C9D00C2826B /* SetupDetailInfoViewModel.swift */,
			);
			path = SetupDetailInfoView;
			sourceTree = "<group>";
		};
		725B99DF2B4169220066D240 = {
			isa = PBXGroup;
			children = (
				725B99EA2B4169220066D240 /* ClickMe */,
				725B99FB2B4169250066D240 /* ClickMeTests */,
				725B9A052B4169250066D240 /* ClickMeUITests */,
				725B99E92B4169220066D240 /* Products */,
				9BC2AD1CDE0BB1459C84106B /* Pods */,
				41226BDC7D7EC3B884EF3429 /* Frameworks */,
			);
			sourceTree = "<group>";
		};
		725B99E92B4169220066D240 /* Products */ = {
			isa = PBXGroup;
			children = (
				725B99E82B4169220066D240 /* ClickMe.app */,
				725B99F82B4169250066D240 /* ClickMeTests.xctest */,
				725B9A022B4169250066D240 /* ClickMeUITests.xctest */,
			);
			name = Products;
			sourceTree = "<group>";
		};
		725B99EA2B4169220066D240 /* ClickMe */ = {
			isa = PBXGroup;
			children = (
				728499F72B466AF600C2826B /* Utils */,
				725B99EB2B4169220066D240 /* ClickMeApp.swift */,
				722C59D12B43EDE900EBA081 /* Network */,
				7237A5822B42E49300ABF10F /* Manager */,
				7237A5812B42E47B00ABF10F /* Screens */,
				7237A5832B42E4A000ABF10F /* View */,
				7237A5842B42E4AE00ABF10F /* Extension */,
				7237A5852B42E4B800ABF10F /* Model */,
				725B99EF2B4169250066D240 /* Assets.xcassets */,
				725B99F12B4169250066D240 /* Preview Content */,
			);
			path = ClickMe;
			sourceTree = "<group>";
		};
		725B99F12B4169250066D240 /* Preview Content */ = {
			isa = PBXGroup;
			children = (
				725B99F22B4169250066D240 /* Preview Assets.xcassets */,
			);
			path = "Preview Content";
			sourceTree = "<group>";
		};
		725B99FB2B4169250066D240 /* ClickMeTests */ = {
			isa = PBXGroup;
			children = (
				725B99FC2B4169250066D240 /* ClickMeTests.swift */,
			);
			path = ClickMeTests;
			sourceTree = "<group>";
		};
		725B9A052B4169250066D240 /* ClickMeUITests */ = {
			isa = PBXGroup;
			children = (
				725B9A062B4169250066D240 /* ClickMeUITests.swift */,
				725B9A082B4169250066D240 /* ClickMeUITestsLaunchTests.swift */,
			);
			path = ClickMeUITests;
			sourceTree = "<group>";
		};
		72774C282B47B23300C5A248 /* Explore Filter */ = {
			isa = PBXGroup;
			children = (
				72774C292B47B24A00C5A248 /* ExploreFilterView.swift */,
				72774C2B2B47C43C00C5A248 /* ExploreFilterViewModel.swift */,
			);
			path = "Explore Filter";
			sourceTree = "<group>";
		};
		72774C332B47F66200C5A248 /* User Details */ = {
			isa = PBXGroup;
			children = (
				72774C342B47F6D100C5A248 /* UserDetailsView.swift */,
				72774C362B47F73C00C5A248 /* UserDetailsViewModel.swift */,
			);
			path = "User Details";
			sourceTree = "<group>";
		};
		728499F02B45A54500C2826B /* Home */ = {
			isa = PBXGroup;
			children = (
				728499F12B45A56200C2826B /* HomeTabView.swift */,
				728499F32B463CB500C2826B /* HomeTabViewModel.swift */,
			);
			path = Home;
			sourceTree = "<group>";
		};
		728499F72B466AF600C2826B /* Utils */ = {
			isa = PBXGroup;
			children = (
				728499F82B466B0400C2826B /* Utils.swift */,
			);
			path = Utils;
			sourceTree = "<group>";
		};
		728499FA2B46C06600C2826B /* Params */ = {
			isa = PBXGroup;
			children = (
				728499FB2B46C06C00C2826B /* UpdateProfileParams.swift */,
				72064F372B471C6500BB9ECC /* ExploreUsersParams.swift */,
				72774C2F2B47D42B00C5A248 /* SearchUsersParams.swift */,
			);
			path = Params;
			sourceTree = "<group>";
		};
		9BC2AD1CDE0BB1459C84106B /* Pods */ = {
			isa = PBXGroup;
			children = (
				F334BA7C04E62B2FA7ABF7D5 /* Pods-ClickMe.debug.xcconfig */,
				4D9ED630657C498C5DEC4B3B /* Pods-ClickMe.release.xcconfig */,
				46AC286571B3594AE493BED8 /* Pods-ClickMe-ClickMeUITests.debug.xcconfig */,
				2C53F0EEE1B86E33E645A4EC /* Pods-ClickMe-ClickMeUITests.release.xcconfig */,
				7C52A32A88EB630420360EC8 /* Pods-ClickMeTests.debug.xcconfig */,
				101820DC3C471C3A464C6BF8 /* Pods-ClickMeTests.release.xcconfig */,
			);
			path = Pods;
			sourceTree = "<group>";
		};
/* End PBXGroup section */

/* Begin PBXNativeTarget section */
		725B99E72B4169220066D240 /* ClickMe */ = {
			isa = PBXNativeTarget;
			buildConfigurationList = 725B9A0C2B4169250066D240 /* Build configuration list for PBXNativeTarget "ClickMe" */;
			buildPhases = (
				DC25F9039E09CBA58CB3D7B3 /* [CP] Check Pods Manifest.lock */,
				725B99E42B4169220066D240 /* Sources */,
				725B99E52B4169220066D240 /* Frameworks */,
				725B99E62B4169220066D240 /* Resources */,
				7238885B113A44D1F2927DFC /* [CP] Embed Pods Frameworks */,
			);
			buildRules = (
			);
			dependencies = (
			);
			name = ClickMe;
			productName = ClickMe;
			productReference = 725B99E82B4169220066D240 /* ClickMe.app */;
			productType = "com.apple.product-type.application";
		};
		725B99F72B4169250066D240 /* ClickMeTests */ = {
			isa = PBXNativeTarget;
			buildConfigurationList = 725B9A0F2B4169250066D240 /* Build configuration list for PBXNativeTarget "ClickMeTests" */;
			buildPhases = (
				1EA654974EAD3A9B346AEC3A /* [CP] Check Pods Manifest.lock */,
				725B99F42B4169250066D240 /* Sources */,
				725B99F52B4169250066D240 /* Frameworks */,
				725B99F62B4169250066D240 /* Resources */,
			);
			buildRules = (
			);
			dependencies = (
				725B99FA2B4169250066D240 /* PBXTargetDependency */,
			);
			name = ClickMeTests;
			productName = ClickMeTests;
			productReference = 725B99F82B4169250066D240 /* ClickMeTests.xctest */;
			productType = "com.apple.product-type.bundle.unit-test";
		};
		725B9A012B4169250066D240 /* ClickMeUITests */ = {
			isa = PBXNativeTarget;
			buildConfigurationList = 725B9A122B4169250066D240 /* Build configuration list for PBXNativeTarget "ClickMeUITests" */;
			buildPhases = (
				BA300CB6BDFFE9666AB92BB0 /* [CP] Check Pods Manifest.lock */,
				725B99FE2B4169250066D240 /* Sources */,
				725B99FF2B4169250066D240 /* Frameworks */,
				725B9A002B4169250066D240 /* Resources */,
				294EE9AE84B863402018AAAE /* [CP] Embed Pods Frameworks */,
			);
			buildRules = (
			);
			dependencies = (
				725B9A042B4169250066D240 /* PBXTargetDependency */,
			);
			name = ClickMeUITests;
			productName = ClickMeUITests;
			productReference = 725B9A022B4169250066D240 /* ClickMeUITests.xctest */;
			productType = "com.apple.product-type.bundle.ui-testing";
		};
/* End PBXNativeTarget section */

/* Begin PBXProject section */
		725B99E02B4169220066D240 /* Project object */ = {
			isa = PBXProject;
			attributes = {
				BuildIndependentTargetsInParallel = 1;
				LastSwiftUpdateCheck = 1500;
				LastUpgradeCheck = 1500;
				TargetAttributes = {
					725B99E72B4169220066D240 = {
						CreatedOnToolsVersion = 15.0.1;
					};
					725B99F72B4169250066D240 = {
						CreatedOnToolsVersion = 15.0.1;
						TestTargetID = 725B99E72B4169220066D240;
					};
					725B9A012B4169250066D240 = {
						CreatedOnToolsVersion = 15.0.1;
						TestTargetID = 725B99E72B4169220066D240;
					};
				};
			};
			buildConfigurationList = 725B99E32B4169220066D240 /* Build configuration list for PBXProject "ClickMe" */;
			compatibilityVersion = "Xcode 14.0";
			developmentRegion = en;
			hasScannedForEncodings = 0;
			knownRegions = (
				en,
				Base,
			);
			mainGroup = 725B99DF2B4169220066D240;
			productRefGroup = 725B99E92B4169220066D240 /* Products */;
			projectDirPath = "";
			projectRoot = "";
			targets = (
				725B99E72B4169220066D240 /* ClickMe */,
				725B99F72B4169250066D240 /* ClickMeTests */,
				725B9A012B4169250066D240 /* ClickMeUITests */,
			);
		};
/* End PBXProject section */

/* Begin PBXResourcesBuildPhase section */
		725B99E62B4169220066D240 /* Resources */ = {
			isa = PBXResourcesBuildPhase;
			buildActionMask = 2147483647;
			files = (
				725B99F32B4169250066D240 /* Preview Assets.xcassets in Resources */,
				725B99F02B4169250066D240 /* Assets.xcassets in Resources */,
			);
			runOnlyForDeploymentPostprocessing = 0;
		};
		725B99F62B4169250066D240 /* Resources */ = {
			isa = PBXResourcesBuildPhase;
			buildActionMask = 2147483647;
			files = (
			);
			runOnlyForDeploymentPostprocessing = 0;
		};
		725B9A002B4169250066D240 /* Resources */ = {
			isa = PBXResourcesBuildPhase;
			buildActionMask = 2147483647;
			files = (
			);
			runOnlyForDeploymentPostprocessing = 0;
		};
/* End PBXResourcesBuildPhase section */

/* Begin PBXShellScriptBuildPhase section */
		1EA654974EAD3A9B346AEC3A /* [CP] Check Pods Manifest.lock */ = {
			isa = PBXShellScriptBuildPhase;
			buildActionMask = 2147483647;
			files = (
			);
			inputFileListPaths = (
			);
			inputPaths = (
				"${PODS_PODFILE_DIR_PATH}/Podfile.lock",
				"${PODS_ROOT}/Manifest.lock",
			);
			name = "[CP] Check Pods Manifest.lock";
			outputFileListPaths = (
			);
			outputPaths = (
				"$(DERIVED_FILE_DIR)/Pods-ClickMeTests-checkManifestLockResult.txt",
			);
			runOnlyForDeploymentPostprocessing = 0;
			shellPath = /bin/sh;
			shellScript = "diff \"${PODS_PODFILE_DIR_PATH}/Podfile.lock\" \"${PODS_ROOT}/Manifest.lock\" > /dev/null\nif [ $? != 0 ] ; then\n    # print error to STDERR\n    echo \"error: The sandbox is not in sync with the Podfile.lock. Run 'pod install' or update your CocoaPods installation.\" >&2\n    exit 1\nfi\n# This output is used by Xcode 'outputs' to avoid re-running this script phase.\necho \"SUCCESS\" > \"${SCRIPT_OUTPUT_FILE_0}\"\n";
			showEnvVarsInLog = 0;
		};
		294EE9AE84B863402018AAAE /* [CP] Embed Pods Frameworks */ = {
			isa = PBXShellScriptBuildPhase;
			buildActionMask = 2147483647;
			files = (
			);
			inputFileListPaths = (
				"${PODS_ROOT}/Target Support Files/Pods-ClickMe-ClickMeUITests/Pods-ClickMe-ClickMeUITests-frameworks-${CONFIGURATION}-input-files.xcfilelist",
			);
			name = "[CP] Embed Pods Frameworks";
			outputFileListPaths = (
				"${PODS_ROOT}/Target Support Files/Pods-ClickMe-ClickMeUITests/Pods-ClickMe-ClickMeUITests-frameworks-${CONFIGURATION}-output-files.xcfilelist",
			);
			runOnlyForDeploymentPostprocessing = 0;
			shellPath = /bin/sh;
			shellScript = "\"${PODS_ROOT}/Target Support Files/Pods-ClickMe-ClickMeUITests/Pods-ClickMe-ClickMeUITests-frameworks.sh\"\n";
			showEnvVarsInLog = 0;
		};
		7238885B113A44D1F2927DFC /* [CP] Embed Pods Frameworks */ = {
			isa = PBXShellScriptBuildPhase;
			buildActionMask = 2147483647;
			files = (
			);
			inputFileListPaths = (
				"${PODS_ROOT}/Target Support Files/Pods-ClickMe/Pods-ClickMe-frameworks-${CONFIGURATION}-input-files.xcfilelist",
			);
			name = "[CP] Embed Pods Frameworks";
			outputFileListPaths = (
				"${PODS_ROOT}/Target Support Files/Pods-ClickMe/Pods-ClickMe-frameworks-${CONFIGURATION}-output-files.xcfilelist",
			);
			runOnlyForDeploymentPostprocessing = 0;
			shellPath = /bin/sh;
			shellScript = "\"${PODS_ROOT}/Target Support Files/Pods-ClickMe/Pods-ClickMe-frameworks.sh\"\n";
			showEnvVarsInLog = 0;
		};
		BA300CB6BDFFE9666AB92BB0 /* [CP] Check Pods Manifest.lock */ = {
			isa = PBXShellScriptBuildPhase;
			buildActionMask = 2147483647;
			files = (
			);
			inputFileListPaths = (
			);
			inputPaths = (
				"${PODS_PODFILE_DIR_PATH}/Podfile.lock",
				"${PODS_ROOT}/Manifest.lock",
			);
			name = "[CP] Check Pods Manifest.lock";
			outputFileListPaths = (
			);
			outputPaths = (
				"$(DERIVED_FILE_DIR)/Pods-ClickMe-ClickMeUITests-checkManifestLockResult.txt",
			);
			runOnlyForDeploymentPostprocessing = 0;
			shellPath = /bin/sh;
			shellScript = "diff \"${PODS_PODFILE_DIR_PATH}/Podfile.lock\" \"${PODS_ROOT}/Manifest.lock\" > /dev/null\nif [ $? != 0 ] ; then\n    # print error to STDERR\n    echo \"error: The sandbox is not in sync with the Podfile.lock. Run 'pod install' or update your CocoaPods installation.\" >&2\n    exit 1\nfi\n# This output is used by Xcode 'outputs' to avoid re-running this script phase.\necho \"SUCCESS\" > \"${SCRIPT_OUTPUT_FILE_0}\"\n";
			showEnvVarsInLog = 0;
		};
		DC25F9039E09CBA58CB3D7B3 /* [CP] Check Pods Manifest.lock */ = {
			isa = PBXShellScriptBuildPhase;
			buildActionMask = 2147483647;
			files = (
			);
			inputFileListPaths = (
			);
			inputPaths = (
				"${PODS_PODFILE_DIR_PATH}/Podfile.lock",
				"${PODS_ROOT}/Manifest.lock",
			);
			name = "[CP] Check Pods Manifest.lock";
			outputFileListPaths = (
			);
			outputPaths = (
				"$(DERIVED_FILE_DIR)/Pods-ClickMe-checkManifestLockResult.txt",
			);
			runOnlyForDeploymentPostprocessing = 0;
			shellPath = /bin/sh;
			shellScript = "diff \"${PODS_PODFILE_DIR_PATH}/Podfile.lock\" \"${PODS_ROOT}/Manifest.lock\" > /dev/null\nif [ $? != 0 ] ; then\n    # print error to STDERR\n    echo \"error: The sandbox is not in sync with the Podfile.lock. Run 'pod install' or update your CocoaPods installation.\" >&2\n    exit 1\nfi\n# This output is used by Xcode 'outputs' to avoid re-running this script phase.\necho \"SUCCESS\" > \"${SCRIPT_OUTPUT_FILE_0}\"\n";
			showEnvVarsInLog = 0;
		};
/* End PBXShellScriptBuildPhase section */

/* Begin PBXSourcesBuildPhase section */
		725B99E42B4169220066D240 /* Sources */ = {
			isa = PBXSourcesBuildPhase;
			buildActionMask = 2147483647;
			files = (
				727BD74B2B453A6400D4279D /* Photo.swift in Sources */,
				725586202B44D68A005A37B9 /* SetupBasicInfoViewModel.swift in Sources */,
				7255862E2B45261D005A37B9 /* Country.swift in Sources */,
				728499F42B463CB500C2826B /* HomeTabViewModel.swift in Sources */,
				72774C302B47D42B00C5A248 /* SearchUsersParams.swift in Sources */,
				728499F62B4657E900C2826B /* CMPhotoPicker.swift in Sources */,
				72774C432B482C7100C5A248 /* Currency.swift in Sources */,
				7255861E2B44CECC005A37B9 /* SetupBasicInfoView.swift in Sources */,
				72064F342B4707A200BB9ECC /* AccountView.swift in Sources */,
				7237A58E2B43016100ABF10F /* CMButton.swift in Sources */,
				72774C2C2B47C43C00C5A248 /* ExploreFilterViewModel.swift in Sources */,
				72064F382B471C6500BB9ECC /* ExploreUsersParams.swift in Sources */,
				722C59CE2B43A8DB00EBA081 /* SignUpViewModel.swift in Sources */,
				7237A59C2B439BD800ABF10F /* SafariView.swift in Sources */,
				722C59DD2B43F8F900EBA081 /* ClickAPI.swift in Sources */,
				725586242B44EF5E005A37B9 /* UserManager.swift in Sources */,
				728499EB2B457C9D00C2826B /* SetupDetailInfoViewModel.swift in Sources */,
				7237A5932B437E6300ABF10F /* SplashView.swift in Sources */,
				72774C412B482BFB00C5A248 /* Topic.swift in Sources */,
				728499E92B45650300C2826B /* CMMinusButton.swift in Sources */,
				722C59E42B44009B00EBA081 /* LoadingView.swift in Sources */,
				7255861B2B44CCE9005A37B9 /* CMEmailTextField.swift in Sources */,
				72774C3D2B4805A100C5A248 /* TopicView.swift in Sources */,
				725586312B452910005A37B9 /* SetupDetailInfoView.swift in Sources */,
				728499ED2B45867300C2826B /* SplashViewModel.swift in Sources */,
				727BD7492B45310100D4279D /* MultiSelector.swift in Sources */,
				7255862A2B44F80D005A37B9 /* GetUserProfileResponse.swift in Sources */,
				725586132B442625005A37B9 /* LoginView.swift in Sources */,
				722C59D02B43E5DA00EBA081 /* iOSCheckboxToggleStyle.swift in Sources */,
				7237A58C2B42E5AD00ABF10F /* Mood.swift in Sources */,
				7255862C2B4515C1005A37B9 /* Field.swift in Sources */,
				722C59D72B43F0A100EBA081 /* APIRequestsURLs.swift in Sources */,
				725586172B44CA07005A37B9 /* ScreenNames.swift in Sources */,
				72774C322B47D70000C5A248 /* SearchUsersResponse.swift in Sources */,
				7237A59F2B43A62100ABF10F /* SignUpView.swift in Sources */,
				722C59DB2B43F74D00EBA081 /* CMError.swift in Sources */,
				725586332B4529B4005A37B9 /* Language.swift in Sources */,
				7237A5982B438C3D00ABF10F /* LoginInitialViewModel.swift in Sources */,
				72774C2A2B47B24A00C5A248 /* ExploreFilterView.swift in Sources */,
				72774C392B47F9A600C5A248 /* CMFollowButton.swift in Sources */,
				72064F2E2B46EC6300BB9ECC /* FollowingsView.swift in Sources */,
				728499FE2B46C2AE00C2826B /* UpdateUserProfileResponse.swift in Sources */,
				725586152B442634005A37B9 /* LoginViewModel.swift in Sources */,
				72774C2E2B47CE8000C5A248 /* NavigationView+Ext.swift in Sources */,
				728499F92B466B0400C2826B /* Utils.swift in Sources */,
				728499F22B45A56200C2826B /* HomeTabView.swift in Sources */,
				7237A5882B42E4F800ABF10F /* GetStartedView.swift in Sources */,
				722C59E02B43FA7600EBA081 /* DefaultResponse.swift in Sources */,
				725586102B4419AF005A37B9 /* UserProfile.swift in Sources */,
				722C59D52B43EF0F00EBA081 /* NetworkService.swift in Sources */,
				7237A59A2B438E1C00ABF10F /* GetStartedStepView.swift in Sources */,
				727BD7502B45519600D4279D /* CMPhotoCellView.swift in Sources */,
				725586282B44F7E8005A37B9 /* User.swift in Sources */,
				7237A5902B437BFA00ABF10F /* GetStartedViewModel.swift in Sources */,
				728499EF2B4587EE00C2826B /* ProfilePhotosGridView.swift in Sources */,
				72774C452B48351900C5A248 /* CMXButton.swift in Sources */,
				72064F312B46ECBF00BB9ECC /* MyBookingsView.swift in Sources */,
				725586352B452E8B005A37B9 /* MultiSelectionView.swift in Sources */,
				72774C372B47F73C00C5A248 /* UserDetailsViewModel.swift in Sources */,
				72064F2B2B46EC2C00BB9ECC /* ExploreView.swift in Sources */,
				7237A58A2B42E53900ABF10F /* GetStartedSteps.swift in Sources */,
				725B99EC2B4169220066D240 /* ClickMeApp.swift in Sources */,
				72774C352B47F6D100C5A248 /* UserDetailsView.swift in Sources */,
				72774C272B47A31400C5A248 /* ExploreCell.swift in Sources */,
				72774C3F2B4828F500C5A248 /* TopicsResponse.swift in Sources */,
				722C59E22B43FE6400EBA081 /* String+Ext.swift in Sources */,
				725586192B44CC1B005A37B9 /* CMErrorLabel.swift in Sources */,
				725586262B44F201005A37B9 /* S3KeysResponse.swift in Sources */,
				725586222B44D846005A37B9 /* UIImage+Ext.swift in Sources */,
				72064F3A2B471ED900BB9ECC /* ExploreUsersResponse.swift in Sources */,
				728499FC2B46C06D00C2826B /* UpdateProfileParams.swift in Sources */,
				7255860E2B44197E005A37B9 /* LoginResponse.swift in Sources */,
				7237A5962B43829500ABF10F /* LoginInitialView.swift in Sources */,
				72064F362B470B7200BB9ECC /* ExploreViewModel.swift in Sources */,
				722DD67F2B45578400AD8401 /* CMPlusButton.swift in Sources */,
				72774C3B2B47FC4900C5A248 /* CMChatButton.swift in Sources */,
			);
			runOnlyForDeploymentPostprocessing = 0;
		};
		725B99F42B4169250066D240 /* Sources */ = {
			isa = PBXSourcesBuildPhase;
			buildActionMask = 2147483647;
			files = (
				725B99FD2B4169250066D240 /* ClickMeTests.swift in Sources */,
			);
			runOnlyForDeploymentPostprocessing = 0;
		};
		725B99FE2B4169250066D240 /* Sources */ = {
			isa = PBXSourcesBuildPhase;
			buildActionMask = 2147483647;
			files = (
				725B9A072B4169250066D240 /* ClickMeUITests.swift in Sources */,
				725B9A092B4169250066D240 /* ClickMeUITestsLaunchTests.swift in Sources */,
			);
			runOnlyForDeploymentPostprocessing = 0;
		};
/* End PBXSourcesBuildPhase section */

/* Begin PBXTargetDependency section */
		725B99FA2B4169250066D240 /* PBXTargetDependency */ = {
			isa = PBXTargetDependency;
			target = 725B99E72B4169220066D240 /* ClickMe */;
			targetProxy = 725B99F92B4169250066D240 /* PBXContainerItemProxy */;
		};
		725B9A042B4169250066D240 /* PBXTargetDependency */ = {
			isa = PBXTargetDependency;
			target = 725B99E72B4169220066D240 /* ClickMe */;
			targetProxy = 725B9A032B4169250066D240 /* PBXContainerItemProxy */;
		};
/* End PBXTargetDependency section */

/* Begin XCBuildConfiguration section */
		725B9A0A2B4169250066D240 /* Debug */ = {
			isa = XCBuildConfiguration;
			buildSettings = {
				ALWAYS_SEARCH_USER_PATHS = NO;
				ASSETCATALOG_COMPILER_GENERATE_SWIFT_ASSET_SYMBOL_EXTENSIONS = YES;
				CLANG_ANALYZER_NONNULL = YES;
				CLANG_ANALYZER_NUMBER_OBJECT_CONVERSION = YES_AGGRESSIVE;
				CLANG_CXX_LANGUAGE_STANDARD = "gnu++20";
				CLANG_ENABLE_MODULES = YES;
				CLANG_ENABLE_OBJC_ARC = YES;
				CLANG_ENABLE_OBJC_WEAK = YES;
				CLANG_WARN_BLOCK_CAPTURE_AUTORELEASING = YES;
				CLANG_WARN_BOOL_CONVERSION = YES;
				CLANG_WARN_COMMA = YES;
				CLANG_WARN_CONSTANT_CONVERSION = YES;
				CLANG_WARN_DEPRECATED_OBJC_IMPLEMENTATIONS = YES;
				CLANG_WARN_DIRECT_OBJC_ISA_USAGE = YES_ERROR;
				CLANG_WARN_DOCUMENTATION_COMMENTS = YES;
				CLANG_WARN_EMPTY_BODY = YES;
				CLANG_WARN_ENUM_CONVERSION = YES;
				CLANG_WARN_INFINITE_RECURSION = YES;
				CLANG_WARN_INT_CONVERSION = YES;
				CLANG_WARN_NON_LITERAL_NULL_CONVERSION = YES;
				CLANG_WARN_OBJC_IMPLICIT_RETAIN_SELF = YES;
				CLANG_WARN_OBJC_LITERAL_CONVERSION = YES;
				CLANG_WARN_OBJC_ROOT_CLASS = YES_ERROR;
				CLANG_WARN_QUOTED_INCLUDE_IN_FRAMEWORK_HEADER = YES;
				CLANG_WARN_RANGE_LOOP_ANALYSIS = YES;
				CLANG_WARN_STRICT_PROTOTYPES = YES;
				CLANG_WARN_SUSPICIOUS_MOVE = YES;
				CLANG_WARN_UNGUARDED_AVAILABILITY = YES_AGGRESSIVE;
				CLANG_WARN_UNREACHABLE_CODE = YES;
				CLANG_WARN__DUPLICATE_METHOD_MATCH = YES;
				COPY_PHASE_STRIP = NO;
				DEBUG_INFORMATION_FORMAT = dwarf;
				ENABLE_STRICT_OBJC_MSGSEND = YES;
				ENABLE_TESTABILITY = YES;
				ENABLE_USER_SCRIPT_SANDBOXING = YES;
				GCC_C_LANGUAGE_STANDARD = gnu17;
				GCC_DYNAMIC_NO_PIC = NO;
				GCC_NO_COMMON_BLOCKS = YES;
				GCC_OPTIMIZATION_LEVEL = 0;
				GCC_PREPROCESSOR_DEFINITIONS = (
					"DEBUG=1",
					"$(inherited)",
				);
				GCC_WARN_64_TO_32_BIT_CONVERSION = YES;
				GCC_WARN_ABOUT_RETURN_TYPE = YES_ERROR;
				GCC_WARN_UNDECLARED_SELECTOR = YES;
				GCC_WARN_UNINITIALIZED_AUTOS = YES_AGGRESSIVE;
				GCC_WARN_UNUSED_FUNCTION = YES;
				GCC_WARN_UNUSED_VARIABLE = YES;
				IPHONEOS_DEPLOYMENT_TARGET = 17.0;
				LOCALIZATION_PREFERS_STRING_CATALOGS = YES;
				MTL_ENABLE_DEBUG_INFO = INCLUDE_SOURCE;
				MTL_FAST_MATH = YES;
				ONLY_ACTIVE_ARCH = YES;
				SDKROOT = iphoneos;
				SWIFT_ACTIVE_COMPILATION_CONDITIONS = "DEBUG $(inherited)";
				SWIFT_OPTIMIZATION_LEVEL = "-Onone";
			};
			name = Debug;
		};
		725B9A0B2B4169250066D240 /* Release */ = {
			isa = XCBuildConfiguration;
			buildSettings = {
				ALWAYS_SEARCH_USER_PATHS = NO;
				ASSETCATALOG_COMPILER_GENERATE_SWIFT_ASSET_SYMBOL_EXTENSIONS = YES;
				CLANG_ANALYZER_NONNULL = YES;
				CLANG_ANALYZER_NUMBER_OBJECT_CONVERSION = YES_AGGRESSIVE;
				CLANG_CXX_LANGUAGE_STANDARD = "gnu++20";
				CLANG_ENABLE_MODULES = YES;
				CLANG_ENABLE_OBJC_ARC = YES;
				CLANG_ENABLE_OBJC_WEAK = YES;
				CLANG_WARN_BLOCK_CAPTURE_AUTORELEASING = YES;
				CLANG_WARN_BOOL_CONVERSION = YES;
				CLANG_WARN_COMMA = YES;
				CLANG_WARN_CONSTANT_CONVERSION = YES;
				CLANG_WARN_DEPRECATED_OBJC_IMPLEMENTATIONS = YES;
				CLANG_WARN_DIRECT_OBJC_ISA_USAGE = YES_ERROR;
				CLANG_WARN_DOCUMENTATION_COMMENTS = YES;
				CLANG_WARN_EMPTY_BODY = YES;
				CLANG_WARN_ENUM_CONVERSION = YES;
				CLANG_WARN_INFINITE_RECURSION = YES;
				CLANG_WARN_INT_CONVERSION = YES;
				CLANG_WARN_NON_LITERAL_NULL_CONVERSION = YES;
				CLANG_WARN_OBJC_IMPLICIT_RETAIN_SELF = YES;
				CLANG_WARN_OBJC_LITERAL_CONVERSION = YES;
				CLANG_WARN_OBJC_ROOT_CLASS = YES_ERROR;
				CLANG_WARN_QUOTED_INCLUDE_IN_FRAMEWORK_HEADER = YES;
				CLANG_WARN_RANGE_LOOP_ANALYSIS = YES;
				CLANG_WARN_STRICT_PROTOTYPES = YES;
				CLANG_WARN_SUSPICIOUS_MOVE = YES;
				CLANG_WARN_UNGUARDED_AVAILABILITY = YES_AGGRESSIVE;
				CLANG_WARN_UNREACHABLE_CODE = YES;
				CLANG_WARN__DUPLICATE_METHOD_MATCH = YES;
				COPY_PHASE_STRIP = NO;
				DEBUG_INFORMATION_FORMAT = "dwarf-with-dsym";
				ENABLE_NS_ASSERTIONS = NO;
				ENABLE_STRICT_OBJC_MSGSEND = YES;
				ENABLE_USER_SCRIPT_SANDBOXING = YES;
				GCC_C_LANGUAGE_STANDARD = gnu17;
				GCC_NO_COMMON_BLOCKS = YES;
				GCC_WARN_64_TO_32_BIT_CONVERSION = YES;
				GCC_WARN_ABOUT_RETURN_TYPE = YES_ERROR;
				GCC_WARN_UNDECLARED_SELECTOR = YES;
				GCC_WARN_UNINITIALIZED_AUTOS = YES_AGGRESSIVE;
				GCC_WARN_UNUSED_FUNCTION = YES;
				GCC_WARN_UNUSED_VARIABLE = YES;
				IPHONEOS_DEPLOYMENT_TARGET = 17.0;
				LOCALIZATION_PREFERS_STRING_CATALOGS = YES;
				MTL_ENABLE_DEBUG_INFO = NO;
				MTL_FAST_MATH = YES;
				SDKROOT = iphoneos;
				SWIFT_COMPILATION_MODE = wholemodule;
				VALIDATE_PRODUCT = YES;
			};
			name = Release;
		};
		725B9A0D2B4169250066D240 /* Debug */ = {
			isa = XCBuildConfiguration;
			baseConfigurationReference = F334BA7C04E62B2FA7ABF7D5 /* Pods-ClickMe.debug.xcconfig */;
			buildSettings = {
				ASSETCATALOG_COMPILER_APPICON_NAME = AppIcon;
				ASSETCATALOG_COMPILER_GLOBAL_ACCENT_COLOR_NAME = AccentColor;
				CODE_SIGN_STYLE = Automatic;
				CURRENT_PROJECT_VERSION = 1;
				DEVELOPMENT_ASSET_PATHS = "\"ClickMe/Preview Content\"";
				DEVELOPMENT_TEAM = JT5853THPU;
				ENABLE_PREVIEWS = YES;
				ENABLE_USER_SCRIPT_SANDBOXING = NO;
				GENERATE_INFOPLIST_FILE = YES;
				INFOPLIST_KEY_LSApplicationCategoryType = "public.app-category.social-networking";
				INFOPLIST_KEY_UIApplicationSceneManifest_Generation = YES;
				INFOPLIST_KEY_UIApplicationSupportsIndirectInputEvents = YES;
				INFOPLIST_KEY_UILaunchScreen_Generation = YES;
				INFOPLIST_KEY_UISupportedInterfaceOrientations = UIInterfaceOrientationPortrait;
				IPHONEOS_DEPLOYMENT_TARGET = 16.0;
				LD_RUNPATH_SEARCH_PATHS = (
					"$(inherited)",
					"@executable_path/Frameworks",
				);
				MARKETING_VERSION = 1.0;
				PRODUCT_BUNDLE_IDENTIFIER = com.ByteraInc.ClickMe;
				PRODUCT_NAME = "$(TARGET_NAME)";
				SUPPORTED_PLATFORMS = "iphoneos iphonesimulator";
				SUPPORTS_MACCATALYST = NO;
				SUPPORTS_MAC_DESIGNED_FOR_IPHONE_IPAD = NO;
				SWIFT_EMIT_LOC_STRINGS = YES;
				SWIFT_VERSION = 5.0;
				TARGETED_DEVICE_FAMILY = "1,2";
			};
			name = Debug;
		};
		725B9A0E2B4169250066D240 /* Release */ = {
			isa = XCBuildConfiguration;
			baseConfigurationReference = 4D9ED630657C498C5DEC4B3B /* Pods-ClickMe.release.xcconfig */;
			buildSettings = {
				ASSETCATALOG_COMPILER_APPICON_NAME = AppIcon;
				ASSETCATALOG_COMPILER_GLOBAL_ACCENT_COLOR_NAME = AccentColor;
				CODE_SIGN_STYLE = Automatic;
				CURRENT_PROJECT_VERSION = 1;
				DEVELOPMENT_ASSET_PATHS = "\"ClickMe/Preview Content\"";
				DEVELOPMENT_TEAM = JT5853THPU;
				ENABLE_PREVIEWS = YES;
				ENABLE_USER_SCRIPT_SANDBOXING = NO;
				GENERATE_INFOPLIST_FILE = YES;
				INFOPLIST_KEY_LSApplicationCategoryType = "public.app-category.social-networking";
				INFOPLIST_KEY_UIApplicationSceneManifest_Generation = YES;
				INFOPLIST_KEY_UIApplicationSupportsIndirectInputEvents = YES;
				INFOPLIST_KEY_UILaunchScreen_Generation = YES;
				INFOPLIST_KEY_UISupportedInterfaceOrientations = UIInterfaceOrientationPortrait;
				IPHONEOS_DEPLOYMENT_TARGET = 16.0;
				LD_RUNPATH_SEARCH_PATHS = (
					"$(inherited)",
					"@executable_path/Frameworks",
				);
				MARKETING_VERSION = 1.0;
				PRODUCT_BUNDLE_IDENTIFIER = com.ByteraInc.ClickMe;
				PRODUCT_NAME = "$(TARGET_NAME)";
				SUPPORTED_PLATFORMS = "iphoneos iphonesimulator";
				SUPPORTS_MACCATALYST = NO;
				SUPPORTS_MAC_DESIGNED_FOR_IPHONE_IPAD = NO;
				SWIFT_EMIT_LOC_STRINGS = YES;
				SWIFT_VERSION = 5.0;
				TARGETED_DEVICE_FAMILY = "1,2";
			};
			name = Release;
		};
		725B9A102B4169250066D240 /* Debug */ = {
			isa = XCBuildConfiguration;
			baseConfigurationReference = 7C52A32A88EB630420360EC8 /* Pods-ClickMeTests.debug.xcconfig */;
			buildSettings = {
				ALWAYS_EMBED_SWIFT_STANDARD_LIBRARIES = YES;
				BUNDLE_LOADER = "$(TEST_HOST)";
				CODE_SIGN_STYLE = Automatic;
				CURRENT_PROJECT_VERSION = 1;
				DEVELOPMENT_TEAM = JT5853THPU;
				GENERATE_INFOPLIST_FILE = YES;
				IPHONEOS_DEPLOYMENT_TARGET = 17.0;
				MARKETING_VERSION = 1.0;
				PRODUCT_BUNDLE_IDENTIFIER = com.ByteraInc.ClickMeTests;
				PRODUCT_NAME = "$(TARGET_NAME)";
				SWIFT_EMIT_LOC_STRINGS = NO;
				SWIFT_VERSION = 5.0;
				TARGETED_DEVICE_FAMILY = "1,2";
				TEST_HOST = "$(BUILT_PRODUCTS_DIR)/ClickMe.app/$(BUNDLE_EXECUTABLE_FOLDER_PATH)/ClickMe";
			};
			name = Debug;
		};
		725B9A112B4169250066D240 /* Release */ = {
			isa = XCBuildConfiguration;
			baseConfigurationReference = 101820DC3C471C3A464C6BF8 /* Pods-ClickMeTests.release.xcconfig */;
			buildSettings = {
				ALWAYS_EMBED_SWIFT_STANDARD_LIBRARIES = YES;
				BUNDLE_LOADER = "$(TEST_HOST)";
				CODE_SIGN_STYLE = Automatic;
				CURRENT_PROJECT_VERSION = 1;
				DEVELOPMENT_TEAM = JT5853THPU;
				GENERATE_INFOPLIST_FILE = YES;
				IPHONEOS_DEPLOYMENT_TARGET = 17.0;
				MARKETING_VERSION = 1.0;
				PRODUCT_BUNDLE_IDENTIFIER = com.ByteraInc.ClickMeTests;
				PRODUCT_NAME = "$(TARGET_NAME)";
				SWIFT_EMIT_LOC_STRINGS = NO;
				SWIFT_VERSION = 5.0;
				TARGETED_DEVICE_FAMILY = "1,2";
				TEST_HOST = "$(BUILT_PRODUCTS_DIR)/ClickMe.app/$(BUNDLE_EXECUTABLE_FOLDER_PATH)/ClickMe";
			};
			name = Release;
		};
		725B9A132B4169250066D240 /* Debug */ = {
			isa = XCBuildConfiguration;
			baseConfigurationReference = 46AC286571B3594AE493BED8 /* Pods-ClickMe-ClickMeUITests.debug.xcconfig */;
			buildSettings = {
				ALWAYS_EMBED_SWIFT_STANDARD_LIBRARIES = YES;
				CODE_SIGN_STYLE = Automatic;
				CURRENT_PROJECT_VERSION = 1;
				DEVELOPMENT_TEAM = JT5853THPU;
				GENERATE_INFOPLIST_FILE = YES;
				MARKETING_VERSION = 1.0;
				PRODUCT_BUNDLE_IDENTIFIER = com.ByteraInc.ClickMeUITests;
				PRODUCT_NAME = "$(TARGET_NAME)";
				SWIFT_EMIT_LOC_STRINGS = NO;
				SWIFT_VERSION = 5.0;
				TARGETED_DEVICE_FAMILY = "1,2";
				TEST_TARGET_NAME = ClickMe;
			};
			name = Debug;
		};
		725B9A142B4169250066D240 /* Release */ = {
			isa = XCBuildConfiguration;
			baseConfigurationReference = 2C53F0EEE1B86E33E645A4EC /* Pods-ClickMe-ClickMeUITests.release.xcconfig */;
			buildSettings = {
				ALWAYS_EMBED_SWIFT_STANDARD_LIBRARIES = YES;
				CODE_SIGN_STYLE = Automatic;
				CURRENT_PROJECT_VERSION = 1;
				DEVELOPMENT_TEAM = JT5853THPU;
				GENERATE_INFOPLIST_FILE = YES;
				MARKETING_VERSION = 1.0;
				PRODUCT_BUNDLE_IDENTIFIER = com.ByteraInc.ClickMeUITests;
				PRODUCT_NAME = "$(TARGET_NAME)";
				SWIFT_EMIT_LOC_STRINGS = NO;
				SWIFT_VERSION = 5.0;
				TARGETED_DEVICE_FAMILY = "1,2";
				TEST_TARGET_NAME = ClickMe;
			};
			name = Release;
		};
/* End XCBuildConfiguration section */

/* Begin XCConfigurationList section */
		725B99E32B4169220066D240 /* Build configuration list for PBXProject "ClickMe" */ = {
			isa = XCConfigurationList;
			buildConfigurations = (
				725B9A0A2B4169250066D240 /* Debug */,
				725B9A0B2B4169250066D240 /* Release */,
			);
			defaultConfigurationIsVisible = 0;
			defaultConfigurationName = Release;
		};
		725B9A0C2B4169250066D240 /* Build configuration list for PBXNativeTarget "ClickMe" */ = {
			isa = XCConfigurationList;
			buildConfigurations = (
				725B9A0D2B4169250066D240 /* Debug */,
				725B9A0E2B4169250066D240 /* Release */,
			);
			defaultConfigurationIsVisible = 0;
			defaultConfigurationName = Release;
		};
		725B9A0F2B4169250066D240 /* Build configuration list for PBXNativeTarget "ClickMeTests" */ = {
			isa = XCConfigurationList;
			buildConfigurations = (
				725B9A102B4169250066D240 /* Debug */,
				725B9A112B4169250066D240 /* Release */,
			);
			defaultConfigurationIsVisible = 0;
			defaultConfigurationName = Release;
		};
		725B9A122B4169250066D240 /* Build configuration list for PBXNativeTarget "ClickMeUITests" */ = {
			isa = XCConfigurationList;
			buildConfigurations = (
				725B9A132B4169250066D240 /* Debug */,
				725B9A142B4169250066D240 /* Release */,
			);
			defaultConfigurationIsVisible = 0;
			defaultConfigurationName = Release;
		};
/* End XCConfigurationList section */
	};
	rootObject = 725B99E02B4169220066D240 /* Project object */;
}
